
Microsoft Visual Studio Solution File, Format Version 12.00
# Visual Studio 14
VisualStudioVersion = 14.0.25420.1
MinimumVisualStudioVersion = 10.0.40219.1
Project("{FAE04EC0-301F-11D3-BF4B-00C04F79EFBC}") = "biz.dfch.CS.CoffeeTracker.Core", "biz.dfch.CS.CoffeeTracker.Core\biz.dfch.CS.CoffeeTracker.Core.csproj", "{92BF2795-4691-48FE-9EDA-91754EB5E9AB}"
EndProject
Project("{FAE04EC0-301F-11D3-BF4B-00C04F79EFBC}") = "biz.dfch.CS.CoffeeTracker.Core.Tests", "biz.dfch.CS.CoffeeTracker.Core.Tests\biz.dfch.CS.CoffeeTracker.Core.Tests.csproj", "{E668DDE4-C7EF-4629-BD7E-80480834EA43}"
EndProject
Project("{2150E333-8FDC-42A3-9474-1A3956D46DE8}") = "Release", "Release", "{4DF2973D-7243-4A5E-8C94-60034151BD2A}"
	ProjectSection(SolutionItems) = preProject
		CommonAssemblySettings.cs = CommonAssemblySettings.cs
	EndProjectSection
EndProject
Global
	GlobalSection(SolutionConfigurationPlatforms) = preSolution
		Debug|Any CPU = Debug|Any CPU
		Release|Any CPU = Release|Any CPU
	EndGlobalSection
	GlobalSection(ProjectConfigurationPlatforms) = postSolution
		{92BF2795-4691-48FE-9EDA-91754EB5E9AB}.Debug|Any CPU.ActiveCfg = Debug|Any CPU
		{92BF2795-4691-48FE-9EDA-91754EB5E9AB}.Debug|Any CPU.Build.0 = Debug|Any CPU
		{92BF2795-4691-48FE-9EDA-91754EB5E9AB}.Release|Any CPU.ActiveCfg = Release|Any CPU
		{92BF2795-4691-48FE-9EDA-91754EB5E9AB}.Release|Any CPU.Build.0 = Release|Any CPU
		{E668DDE4-C7EF-4629-BD7E-80480834EA43}.Debug|Any CPU.ActiveCfg = Debug|Any CPU
		{E668DDE4-C7EF-4629-BD7E-80480834EA43}.Debug|Any CPU.Build.0 = Debug|Any CPU
		{E668DDE4-C7EF-4629-BD7E-80480834EA43}.Release|Any CPU.ActiveCfg = Release|Any CPU
		{E668DDE4-C7EF-4629-BD7E-80480834EA43}.Release|Any CPU.Build.0 = Release|Any CPU
	EndGlobalSection
	GlobalSection(SolutionProperties) = preSolution
		HideSolutionNode = FALSE
	EndGlobalSection
EndGlobal
